Microsoft Visual Studio Solution File, Format Version 12.00
# Visual Studio Version 17
VisualStudioVersion = 17.0.32014.148
MinimumVisualStudioVersion = 10.0.40219.1
Project("{FAE04EC0-301F-11D3-BF4B-00C04F79EFBC}") = "DemoMod", "DemoMod\DemoMod.csproj", "{34CE6DED-C150-485F-9408-801AA9E99983}"
EndProject
Project("{FAE04EC0-301F-11D3-BF4B-00C04F79EFBC}") = "PrimitierModdingFramework", "PrimitierModdingFramework\PrimitierModdingFramework.csproj", "{0CF60620-BB4F-43A3-8F18-77EB9A4BE344}"
EndProject
Project("{FAE04EC0-301F-11D3-BF4B-00C04F79EFBC}") = "PMFInstaller", "PMFInstaller\PMFInstaller.csproj", "{732120AE-DAE9-4395-A07A-7D2C340F3838}"
EndProject
Global
	GlobalSection(SolutionConfigurationPlatforms) = preSolution
		Debug|Any CPU = Debug|Any CPU
		Release|Any CPU = Release|Any CPU
	EndGlobalSection
	GlobalSection(ProjectConfigurationPlatforms) = postSolution
		{34CE6DED-C150-485F-9408-801AA9E99983}.Debug|Any CPU.ActiveCfg = Debug|Any CPU
		{34CE6DED-C150-485F-9408-801AA9E99983}.Debug|Any CPU.Build.0 = Debug|Any CPU
		{34CE6DED-C150-485F-9408-801AA9E99983}.Release|Any CPU.ActiveCfg = Release|Any CPU
		{34CE6DED-C150-485F-9408-801AA9E99983}.Release|Any CPU.Build.0 = Release|Any CPU
		{0CF60620-BB4F-43A3-8F18-77EB9A4BE344}.Debug|Any CPU.ActiveCfg = Debug|Any CPU
		{0CF60620-BB4F-43A3-8F18-77EB9A4BE344}.Debug|Any CPU.Build.0 = Debug|Any CPU
		{0CF60620-BB4F-43A3-8F18-77EB9A4BE344}.Release|Any CPU.ActiveCfg = Release|Any CPU
		{0CF60620-BB4F-43A3-8F18-77EB9A4BE344}.Release|Any CPU.Build.0 = Release|Any CPU
		{732120AE-DAE9-4395-A07A-7D2C340F3838}.Debug|Any CPU.ActiveCfg = Debug|Any CPU
		{732120AE-DAE9-4395-A07A-7D2C340F3838}.Debug|Any CPU.Build.0 = Debug|Any CPU
		{732120AE-DAE9-4395-A07A-7D2C340F3838}.Release|Any CPU.ActiveCfg = Release|Any CPU
		{732120AE-DAE9-4395-A07A-7D2C340F3838}.Release|Any CPU.Build.0 = Release|Any CPU
	EndGlobalSection
	GlobalSection(SolutionProperties) = preSolution
		HideSolutionNode = FALSE
	EndGlobalSection
	GlobalSection(ExtensibilityGlobals) = postSolution
		SolutionGuid = {75fe14d0-98c6-4e39-bd7b-6da4d78e2723}
	EndGlobalSection
EndGlobal
