Microsoft Visual Studio Solution File, Format Version 12.00
# Visual Studio Version 17
VisualStudioVersion = 17.0.32014.148
MinimumVisualStudioVersion = 10.0.40219.1
Project("{FAE04EC0-301F-11D3-BF4B-00C04F79EFBC}") = "DemoMod", "DemoMod\DemoMod.csproj", "{34CE6DED-C150-485F-9408-801AA9E99983}"
EndProject
Project("{9A19103F-16F7-4668-BE54-9A1E7A4F7556}") = "PrimitierModdingFramework", "PrimitierModdingFramework\PrimitierModdingFramework.csproj", "{0CF60620-BB4F-43A3-8F18-77EB9A4BE344}"
EndProject
Project("{9A19103F-16F7-4668-BE54-9A1E7A4F7556}") = "PMFTool", "PMFTool\PMFTool.csproj", "{81C7E8AB-8AFC-4A88-AF3A-82CF03C6AEDF}"
EndProject
Project("{9A19103F-16F7-4668-BE54-9A1E7A4F7556}") = "PMFTemplates", "PMFTemplates\PMFTemplates.csproj", "{9E7C6D3B-44A5-4FDC-97D0-4223B97E3C6C}"
EndProject
Project("{FAE04EC0-301F-11D3-BF4B-00C04F79EFBC}") = "PMF.Msbuild", "PMF.Msbuild\PMF.Msbuild.csproj", "{BAE25196-71C0-475C-8F65-649E803F4C28}"
EndProject
Global
	GlobalSection(SolutionConfigurationPlatforms) = preSolution
		Debug|Any CPU = Debug|Any CPU
		Debug|x86 = Debug|x86
		Release|Any CPU = Release|Any CPU
		Release|x86 = Release|x86
	EndGlobalSection
	GlobalSection(ProjectConfigurationPlatforms) = postSolution
		{34CE6DED-C150-485F-9408-801AA9E99983}.Debug|Any CPU.ActiveCfg = Debug|Any CPU
		{34CE6DED-C150-485F-9408-801AA9E99983}.Debug|Any CPU.Build.0 = Debug|Any CPU
		{34CE6DED-C150-485F-9408-801AA9E99983}.Debug|x86.ActiveCfg = Debug|Any CPU
		{34CE6DED-C150-485F-9408-801AA9E99983}.Debug|x86.Build.0 = Debug|Any CPU
		{34CE6DED-C150-485F-9408-801AA9E99983}.Release|Any CPU.ActiveCfg = Release|Any CPU
		{34CE6DED-C150-485F-9408-801AA9E99983}.Release|Any CPU.Build.0 = Release|Any CPU
		{34CE6DED-C150-485F-9408-801AA9E99983}.Release|x86.ActiveCfg = Release|Any CPU
		{34CE6DED-C150-485F-9408-801AA9E99983}.Release|x86.Build.0 = Release|Any CPU
		{0CF60620-BB4F-43A3-8F18-77EB9A4BE344}.Debug|Any CPU.ActiveCfg = Debug|Any CPU
		{0CF60620-BB4F-43A3-8F18-77EB9A4BE344}.Debug|Any CPU.Build.0 = Debug|Any CPU
		{0CF60620-BB4F-43A3-8F18-77EB9A4BE344}.Debug|x86.ActiveCfg = Debug|Any CPU
		{0CF60620-BB4F-43A3-8F18-77EB9A4BE344}.Debug|x86.Build.0 = Debug|Any CPU
		{0CF60620-BB4F-43A3-8F18-77EB9A4BE344}.Release|Any CPU.ActiveCfg = Release|Any CPU
		{0CF60620-BB4F-43A3-8F18-77EB9A4BE344}.Release|Any CPU.Build.0 = Release|Any CPU
		{0CF60620-BB4F-43A3-8F18-77EB9A4BE344}.Release|x86.ActiveCfg = Release|Any CPU
		{0CF60620-BB4F-43A3-8F18-77EB9A4BE344}.Release|x86.Build.0 = Release|Any CPU
		{81C7E8AB-8AFC-4A88-AF3A-82CF03C6AEDF}.Debug|Any CPU.ActiveCfg = Debug|Any CPU
		{81C7E8AB-8AFC-4A88-AF3A-82CF03C6AEDF}.Debug|Any CPU.Build.0 = Debug|Any CPU
		{81C7E8AB-8AFC-4A88-AF3A-82CF03C6AEDF}.Debug|x86.ActiveCfg = Debug|Any CPU
		{81C7E8AB-8AFC-4A88-AF3A-82CF03C6AEDF}.Debug|x86.Build.0 = Debug|Any CPU
		{81C7E8AB-8AFC-4A88-AF3A-82CF03C6AEDF}.Release|Any CPU.ActiveCfg = Release|Any CPU
		{81C7E8AB-8AFC-4A88-AF3A-82CF03C6AEDF}.Release|Any CPU.Build.0 = Release|Any CPU
		{81C7E8AB-8AFC-4A88-AF3A-82CF03C6AEDF}.Release|x86.ActiveCfg = Release|Any CPU
		{81C7E8AB-8AFC-4A88-AF3A-82CF03C6AEDF}.Release|x86.Build.0 = Release|Any CPU
		{9E7C6D3B-44A5-4FDC-97D0-4223B97E3C6C}.Debug|Any CPU.ActiveCfg = Debug|Any CPU
		{9E7C6D3B-44A5-4FDC-97D0-4223B97E3C6C}.Debug|Any CPU.Build.0 = Debug|Any CPU
		{9E7C6D3B-44A5-4FDC-97D0-4223B97E3C6C}.Debug|x86.ActiveCfg = Debug|Any CPU
		{9E7C6D3B-44A5-4FDC-97D0-4223B97E3C6C}.Debug|x86.Build.0 = Debug|Any CPU
		{9E7C6D3B-44A5-4FDC-97D0-4223B97E3C6C}.Release|Any CPU.ActiveCfg = Release|Any CPU
		{9E7C6D3B-44A5-4FDC-97D0-4223B97E3C6C}.Release|Any CPU.Build.0 = Release|Any CPU
		{9E7C6D3B-44A5-4FDC-97D0-4223B97E3C6C}.Release|x86.ActiveCfg = Release|Any CPU
		{9E7C6D3B-44A5-4FDC-97D0-4223B97E3C6C}.Release|x86.Build.0 = Release|Any CPU
		{BAE25196-71C0-475C-8F65-649E803F4C28}.Debug|Any CPU.ActiveCfg = Debug|Any CPU
		{BAE25196-71C0-475C-8F65-649E803F4C28}.Debug|Any CPU.Build.0 = Debug|Any CPU
		{BAE25196-71C0-475C-8F65-649E803F4C28}.Debug|x86.ActiveCfg = Debug|Any CPU
		{BAE25196-71C0-475C-8F65-649E803F4C28}.Debug|x86.Build.0 = Debug|Any CPU
		{BAE25196-71C0-475C-8F65-649E803F4C28}.Release|Any CPU.ActiveCfg = Release|Any CPU
		{BAE25196-71C0-475C-8F65-649E803F4C28}.Release|Any CPU.Build.0 = Release|Any CPU
		{BAE25196-71C0-475C-8F65-649E803F4C28}.Release|x86.ActiveCfg = Release|Any CPU
		{BAE25196-71C0-475C-8F65-649E803F4C28}.Release|x86.Build.0 = Release|Any CPU
	EndGlobalSection
	GlobalSection(SolutionProperties) = preSolution
		HideSolutionNode = FALSE
	EndGlobalSection
	GlobalSection(ExtensibilityGlobals) = postSolution
		SolutionGuid = {75fe14d0-98c6-4e39-bd7b-6da4d78e2723}
	EndGlobalSection
EndGlobal
